
Microsoft Visual Studio Solution File, Format Version 12.00
# Visual Studio Version 16
VisualStudioVersion = 16.0.31129.286
MinimumVisualStudioVersion = 10.0.40219.1
Project("{FAE04EC0-301F-11D3-BF4B-00C04F79EFBC}") = "FileManagerAPI", "FileManagerAPI\FileManagerAPI.csproj", "{D1CF64A9-B27A-40FB-BEB3-45A4BE391517}"
EndProject
Project("{FAE04EC0-301F-11D3-BF4B-00C04F79EFBC}") = "FileManager.Services", "FileManager.Services\FileManager.Services.csproj", "{AC33B070-4812-4AB3-B894-302C06CC8D14}"
EndProject
Project("{FAE04EC0-301F-11D3-BF4B-00C04F79EFBC}") = "FileManager.Common", "FileManager.Common\FileManager.Common.csproj", "{275771F0-BDDF-4B7B-A3A5-38DA99C529D3}"
EndProject
Global
	GlobalSection(SolutionConfigurationPlatforms) = preSolution
		Debug|Any CPU = Debug|Any CPU
		Release|Any CPU = Release|Any CPU
	EndGlobalSection
	GlobalSection(ProjectConfigurationPlatforms) = postSolution
		{D1CF64A9-B27A-40FB-BEB3-45A4BE391517}.Debug|Any CPU.ActiveCfg = Debug|Any CPU
		{D1CF64A9-B27A-40FB-BEB3-45A4BE391517}.Debug|Any CPU.Build.0 = Debug|Any CPU
		{D1CF64A9-B27A-40FB-BEB3-45A4BE391517}.Release|Any CPU.ActiveCfg = Release|Any CPU
		{D1CF64A9-B27A-40FB-BEB3-45A4BE391517}.Release|Any CPU.Build.0 = Release|Any CPU
		{AC33B070-4812-4AB3-B894-302C06CC8D14}.Debug|Any CPU.ActiveCfg = Debug|Any CPU
		{AC33B070-4812-4AB3-B894-302C06CC8D14}.Debug|Any CPU.Build.0 = Debug|Any CPU
		{AC33B070-4812-4AB3-B894-302C06CC8D14}.Release|Any CPU.ActiveCfg = Release|Any CPU
		{AC33B070-4812-4AB3-B894-302C06CC8D14}.Release|Any CPU.Build.0 = Release|Any CPU
		{275771F0-BDDF-4B7B-A3A5-38DA99C529D3}.Debug|Any CPU.ActiveCfg = Debug|Any CPU
		{275771F0-BDDF-4B7B-A3A5-38DA99C529D3}.Debug|Any CPU.Build.0 = Debug|Any CPU
		{275771F0-BDDF-4B7B-A3A5-38DA99C529D3}.Release|Any CPU.ActiveCfg = Release|Any CPU
		{275771F0-BDDF-4B7B-A3A5-38DA99C529D3}.Release|Any CPU.Build.0 = Release|Any CPU
	EndGlobalSection
	GlobalSection(SolutionProperties) = preSolution
		HideSolutionNode = FALSE
	EndGlobalSection
	GlobalSection(ExtensibilityGlobals) = postSolution
		SolutionGuid = {9109B5B5-AA37-473D-96CD-E27243D58E87}
	EndGlobalSection
EndGlobal
